
Microsoft Visual Studio Solution File, Format Version 12.00
Project("{FAE04EC0-301F-11D3-BF4B-00C04F79EFBC}") = "LogicLayer", "LogicLayer\LogicLayer.csproj", "{40BBDF75-5B9F-42FC-9CF8-2B1640CFA94A}"
EndProject
Global
	GlobalSection(SolutionConfigurationPlatforms) = preSolution
		Debug|Any CPU = Debug|Any CPU
		Release|Any CPU = Release|Any CPU
	EndGlobalSection
	GlobalSection(ProjectConfigurationPlatforms) = postSolution
		{40BBDF75-5B9F-42FC-9CF8-2B1640CFA94A}.Debug|Any CPU.ActiveCfg = Debug|Any CPU
		{40BBDF75-5B9F-42FC-9CF8-2B1640CFA94A}.Debug|Any CPU.Build.0 = Debug|Any CPU
		{40BBDF75-5B9F-42FC-9CF8-2B1640CFA94A}.Release|Any CPU.ActiveCfg = Release|Any CPU
		{40BBDF75-5B9F-42FC-9CF8-2B1640CFA94A}.Release|Any CPU.Build.0 = Release|Any CPU
	EndGlobalSection
EndGlobal
